// !$*UTF8*$!
{
	archiveVersion = 1;
	classes = {
	};
	objectVersion = 55;
	objects = {

/* Begin PBXBuildFile section */
		F5B115D726F98745004763C1 /* AppDelegate.swift in Sources */ = {isa = PBXBuildFile; fileRef = F5B115D626F98745004763C1 /* AppDelegate.swift */; };
		F5B115D926F98745004763C1 /* SceneDelegate.swift in Sources */ = {isa = PBXBuildFile; fileRef = F5B115D826F98745004763C1 /* SceneDelegate.swift */; };
		F5B115DB26F98745004763C1 /* ViewController.swift in Sources */ = {isa = PBXBuildFile; fileRef = F5B115DA26F98745004763C1 /* ViewController.swift */; };
		F5B115DE26F98745004763C1 /* Main.storyboard in Resources */ = {isa = PBXBuildFile; fileRef = F5B115DC26F98745004763C1 /* Main.storyboard */; };
		F5B115E026F98748004763C1 /* Assets.xcassets in Resources */ = {isa = PBXBuildFile; fileRef = F5B115DF26F98748004763C1 /* Assets.xcassets */; };
		F5B115E326F98748004763C1 /* LaunchScreen.storyboard in Resources */ = {isa = PBXBuildFile; fileRef = F5B115E126F98748004763C1 /* LaunchScreen.storyboard */; };
		F5B115EE26F98749004763C1 /* SeniorDesignAppTests.swift in Sources */ = {isa = PBXBuildFile; fileRef = F5B115ED26F98749004763C1 /* SeniorDesignAppTests.swift */; };
		F5B115F826F98749004763C1 /* SeniorDesignAppUITests.swift in Sources */ = {isa = PBXBuildFile; fileRef = F5B115F726F98749004763C1 /* SeniorDesignAppUITests.swift */; };
		F5B115FA26F98749004763C1 /* SeniorDesignAppUITestsLaunchTests.swift in Sources */ = {isa = PBXBuildFile; fileRef = F5B115F926F98749004763C1 /* SeniorDesignAppUITestsLaunchTests.swift */; };
/* End PBXBuildFile section */

/* Begin PBXContainerItemProxy section */
		F5B115EA26F98749004763C1 /* PBXContainerItemProxy */ = {
			isa = PBXContainerItemProxy;
			containerPortal = F5B115CB26F98745004763C1 /* Project object */;
			proxyType = 1;
			remoteGlobalIDString = F5B115D226F98745004763C1;
			remoteInfo = SeniorDesignApp;
		};
		F5B115F426F98749004763C1 /* PBXContainerItemProxy */ = {
			isa = PBXContainerItemProxy;
			containerPortal = F5B115CB26F98745004763C1 /* Project object */;
			proxyType = 1;
			remoteGlobalIDString = F5B115D226F98745004763C1;
			remoteInfo = SeniorDesignApp;
		};
/* End PBXContainerItemProxy section */

/* Begin PBXFileReference section */
		F5B115D326F98745004763C1 /* SeniorDesignApp.app */ = {isa = PBXFileReference; explicitFileType = wrapper.application; includeInIndex = 0; path = SeniorDesignApp.app; sourceTree = BUILT_PRODUCTS_DIR; };
		F5B115D626F98745004763C1 /* AppDelegate.swift */ = {isa = PBXFileReference; lastKnownFileType = sourcecode.swift; path = AppDelegate.swift; sourceTree = "<group>"; };
		F5B115D826F98745004763C1 /* SceneDelegate.swift */ = {isa = PBXFileReference; lastKnownFileType = sourcecode.swift; path = SceneDelegate.swift; sourceTree = "<group>"; };
		F5B115DA26F98745004763C1 /* ViewController.swift */ = {isa = PBXFileReference; lastKnownFileType = sourcecode.swift; path = ViewController.swift; sourceTree = "<group>"; };
		F5B115DD26F98745004763C1 /* Base */ = {isa = PBXFileReference; lastKnownFileType = file.storyboard; name = Base; path = Base.lproj/Main.storyboard; sourceTree = "<group>"; };
		F5B115DF26F98748004763C1 /* Assets.xcassets */ = {isa = PBXFileReference; lastKnownFileType = folder.assetcatalog; path = Assets.xcassets; sourceTree = "<group>"; };
		F5B115E226F98748004763C1 /* Base */ = {isa = PBXFileReference; lastKnownFileType = file.storyboard; name = Base; path = Base.lproj/LaunchScreen.storyboard; sourceTree = "<group>"; };
		F5B115E426F98748004763C1 /* Info.plist */ = {isa = PBXFileReference; lastKnownFileType = text.plist.xml; path = Info.plist; sourceTree = "<group>"; };
		F5B115E926F98749004763C1 /* SeniorDesignAppTests.xctest */ = {isa = PBXFileReference; explicitFileType = wrapper.cfbundle; includeInIndex = 0; path = SeniorDesignAppTests.xctest; sourceTree = BUILT_PRODUCTS_DIR; };
		F5B115ED26F98749004763C1 /* SeniorDesignAppTests.swift */ = {isa = PBXFileReference; lastKnownFileType = sourcecode.swift; path = SeniorDesignAppTests.swift; sourceTree = "<group>"; };
		F5B115F326F98749004763C1 /* SeniorDesignAppUITests.xctest */ = {isa = PBXFileReference; explicitFileType = wrapper.cfbundle; includeInIndex = 0; path = SeniorDesignAppUITests.xctest; sourceTree = BUILT_PRODUCTS_DIR; };
		F5B115F726F98749004763C1 /* SeniorDesignAppUITests.swift */ = {isa = PBXFileReference; lastKnownFileType = sourcecode.swift; path = SeniorDesignAppUITests.swift; sourceTree = "<group>"; };
		F5B115F926F98749004763C1 /* SeniorDesignAppUITestsLaunchTests.swift */ = {isa = PBXFileReference; lastKnownFileType = sourcecode.swift; path = SeniorDesignAppUITestsLaunchTests.swift; sourceTree = "<group>"; };
/* End PBXFileReference section */

/* Begin PBXFrameworksBuildPhase section */
		F5B115D026F98745004763C1 /* Frameworks */ = {
			isa = PBXFrameworksBuildPhase;
			buildActionMask = 2147483647;
			files = (
			);
			runOnlyForDeploymentPostprocessing = 0;
		};
		F5B115E626F98749004763C1 /* Frameworks */ = {
			isa = PBXFrameworksBuildPhase;
			buildActionMask = 2147483647;
			files = (
			);
			runOnlyForDeploymentPostprocessing = 0;
		};
		F5B115F026F98749004763C1 /* Frameworks */ = {
			isa = PBXFrameworksBuildPhase;
			buildActionMask = 2147483647;
			files = (
			);
			runOnlyForDeploymentPostprocessing = 0;
		};
/* End PBXFrameworksBuildPhase section */

/* Begin PBXGroup section */
		F5B115CA26F98745004763C1 = {
			isa = PBXGroup;
			children = (
				F5B115D526F98745004763C1 /* SeniorDesignApp */,
				F5B115EC26F98749004763C1 /* SeniorDesignAppTests */,
				F5B115F626F98749004763C1 /* SeniorDesignAppUITests */,
				F5B115D426F98745004763C1 /* Products */,
			);
			sourceTree = "<group>";
		};
		F5B115D426F98745004763C1 /* Products */ = {
			isa = PBXGroup;
			children = (
				F5B115D326F98745004763C1 /* SeniorDesignApp.app */,
				F5B115E926F98749004763C1 /* SeniorDesignAppTests.xctest */,
				F5B115F326F98749004763C1 /* SeniorDesignAppUITests.xctest */,
			);
			name = Products;
			sourceTree = "<group>";
		};
		F5B115D526F98745004763C1 /* SeniorDesignApp */ = {
			isa = PBXGroup;
			children = (
				F5B115D626F98745004763C1 /* AppDelegate.swift */,
				F5B115D826F98745004763C1 /* SceneDelegate.swift */,
				F5B115DA26F98745004763C1 /* ViewController.swift */,
				F5B115DC26F98745004763C1 /* Main.storyboard */,
				F5B115DF26F98748004763C1 /* Assets.xcassets */,
				F5B115E126F98748004763C1 /* LaunchScreen.storyboard */,
				F5B115E426F98748004763C1 /* Info.plist */,
			);
			path = SeniorDesignApp;
			sourceTree = "<group>";
		};
		F5B115EC26F98749004763C1 /* SeniorDesignAppTests */ = {
			isa = PBXGroup;
			children = (
				F5B115ED26F98749004763C1 /* SeniorDesignAppTests.swift */,
			);
			path = SeniorDesignAppTests;
			sourceTree = "<group>";
		};
		F5B115F626F98749004763C1 /* SeniorDesignAppUITests */ = {
			isa = PBXGroup;
			children = (
				F5B115F726F98749004763C1 /* SeniorDesignAppUITests.swift */,
				F5B115F926F98749004763C1 /* SeniorDesignAppUITestsLaunchTests.swift */,
			);
			path = SeniorDesignAppUITests;
			sourceTree = "<group>";
		};
/* End PBXGroup section */

/* Begin PBXNativeTarget section */
		F5B115D226F98745004763C1 /* SeniorDesignApp */ = {
			isa = PBXNativeTarget;
			buildConfigurationList = F5B115FD26F98749004763C1 /* Build configuration list for PBXNativeTarget "SeniorDesignApp" */;
			buildPhases = (
				F5B115CF26F98745004763C1 /* Sources */,
				F5B115D026F98745004763C1 /* Frameworks */,
				F5B115D126F98745004763C1 /* Resources */,
			);
			buildRules = (
			);
			dependencies = (
			);
			name = SeniorDesignApp;
			productName = SeniorDesignApp;
			productReference = F5B115D326F98745004763C1 /* SeniorDesignApp.app */;
			productType = "com.apple.product-type.application";
		};
		F5B115E826F98749004763C1 /* SeniorDesignAppTests */ = {
			isa = PBXNativeTarget;
			buildConfigurationList = F5B1160026F98749004763C1 /* Build configuration list for PBXNativeTarget "SeniorDesignAppTests" */;
			buildPhases = (
				F5B115E526F98749004763C1 /* Sources */,
				F5B115E626F98749004763C1 /* Frameworks */,
				F5B115E726F98749004763C1 /* Resources */,
			);
			buildRules = (
			);
			dependencies = (
				F5B115EB26F98749004763C1 /* PBXTargetDependency */,
			);
			name = SeniorDesignAppTests;
			productName = SeniorDesignAppTests;
			productReference = F5B115E926F98749004763C1 /* SeniorDesignAppTests.xctest */;
			productType = "com.apple.product-type.bundle.unit-test";
		};
		F5B115F226F98749004763C1 /* SeniorDesignAppUITests */ = {
			isa = PBXNativeTarget;
			buildConfigurationList = F5B1160326F98749004763C1 /* Build configuration list for PBXNativeTarget "SeniorDesignAppUITests" */;
			buildPhases = (
				F5B115EF26F98749004763C1 /* Sources */,
				F5B115F026F98749004763C1 /* Frameworks */,
				F5B115F126F98749004763C1 /* Resources */,
			);
			buildRules = (
			);
			dependencies = (
				F5B115F526F98749004763C1 /* PBXTargetDependency */,
			);
			name = SeniorDesignAppUITests;
			productName = SeniorDesignAppUITests;
			productReference = F5B115F326F98749004763C1 /* SeniorDesignAppUITests.xctest */;
			productType = "com.apple.product-type.bundle.ui-testing";
		};
/* End PBXNativeTarget section */

/* Begin PBXProject section */
		F5B115CB26F98745004763C1 /* Project object */ = {
			isa = PBXProject;
			attributes = {
				BuildIndependentTargetsInParallel = 1;
				LastSwiftUpdateCheck = 1300;
				LastUpgradeCheck = 1300;
				TargetAttributes = {
					F5B115D226F98745004763C1 = {
						CreatedOnToolsVersion = 13.0;
					};
					F5B115E826F98749004763C1 = {
						CreatedOnToolsVersion = 13.0;
						TestTargetID = F5B115D226F98745004763C1;
					};
					F5B115F226F98749004763C1 = {
						CreatedOnToolsVersion = 13.0;
						TestTargetID = F5B115D226F98745004763C1;
					};
				};
			};
			buildConfigurationList = F5B115CE26F98745004763C1 /* Build configuration list for PBXProject "SeniorDesignApp" */;
			compatibilityVersion = "Xcode 13.0";
			developmentRegion = en;
			hasScannedForEncodings = 0;
			knownRegions = (
				en,
				Base,
			);
			mainGroup = F5B115CA26F98745004763C1;
			productRefGroup = F5B115D426F98745004763C1 /* Products */;
			projectDirPath = "";
			projectRoot = "";
			targets = (
				F5B115D226F98745004763C1 /* SeniorDesignApp */,
				F5B115E826F98749004763C1 /* SeniorDesignAppTests */,
				F5B115F226F98749004763C1 /* SeniorDesignAppUITests */,
			);
		};
/* End PBXProject section */

/* Begin PBXResourcesBuildPhase section */
		F5B115D126F98745004763C1 /* Resources */ = {
			isa = PBXResourcesBuildPhase;
			buildActionMask = 2147483647;
			files = (
				F5B115E326F98748004763C1 /* LaunchScreen.storyboard in Resources */,
				F5B115E026F98748004763C1 /* Assets.xcassets in Resources */,
				F5B115DE26F98745004763C1 /* Main.storyboard in Resources */,
			);
			runOnlyForDeploymentPostprocessing = 0;
		};
		F5B115E726F98749004763C1 /* Resources */ = {
			isa = PBXResourcesBuildPhase;
			buildActionMask = 2147483647;
			files = (
			);
			runOnlyForDeploymentPostprocessing = 0;
		};
		F5B115F126F98749004763C1 /* Resources */ = {
			isa = PBXResourcesBuildPhase;
			buildActionMask = 2147483647;
			files = (
			);
			runOnlyForDeploymentPostprocessing = 0;
		};
/* End PBXResourcesBuildPhase section */

/* Begin PBXSourcesBuildPhase section */
		F5B115CF26F98745004763C1 /* Sources */ = {
			isa = PBXSourcesBuildPhase;
			buildActionMask = 2147483647;
			files = (
				F5B115DB26F98745004763C1 /* ViewController.swift in Sources */,
				F5B115D726F98745004763C1 /* AppDelegate.swift in Sources */,
				F5B115D926F98745004763C1 /* SceneDelegate.swift in Sources */,
			);
			runOnlyForDeploymentPostprocessing = 0;
		};
		F5B115E526F98749004763C1 /* Sources */ = {
			isa = PBXSourcesBuildPhase;
			buildActionMask = 2147483647;
			files = (
				F5B115EE26F98749004763C1 /* SeniorDesignAppTests.swift in Sources */,
			);
			runOnlyForDeploymentPostprocessing = 0;
		};
		F5B115EF26F98749004763C1 /* Sources */ = {
			isa = PBXSourcesBuildPhase;
			buildActionMask = 2147483647;
			files = (
				F5B115FA26F98749004763C1 /* SeniorDesignAppUITestsLaunchTests.swift in Sources */,
				F5B115F826F98749004763C1 /* SeniorDesignAppUITests.swift in Sources */,
			);
			runOnlyForDeploymentPostprocessing = 0;
		};
/* End PBXSourcesBuildPhase section */

/* Begin PBXTargetDependency section */
		F5B115EB26F98749004763C1 /* PBXTargetDependency */ = {
			isa = PBXTargetDependency;
			target = F5B115D226F98745004763C1 /* SeniorDesignApp */;
			targetProxy = F5B115EA26F98749004763C1 /* PBXContainerItemProxy */;
		};
		F5B115F526F98749004763C1 /* PBXTargetDependency */ = {
			isa = PBXTargetDependency;
			target = F5B115D226F98745004763C1 /* SeniorDesignApp */;
			targetProxy = F5B115F426F98749004763C1 /* PBXContainerItemProxy */;
		};
/* End PBXTargetDependency section */

/* Begin PBXVariantGroup section */
		F5B115DC26F98745004763C1 /* Main.storyboard */ = {
			isa = PBXVariantGroup;
			children = (
				F5B115DD26F98745004763C1 /* Base */,
			);
			name = Main.storyboard;
			sourceTree = "<group>";
		};
		F5B115E126F98748004763C1 /* LaunchScreen.storyboard */ = {
			isa = PBXVariantGroup;
			children = (
				F5B115E226F98748004763C1 /* Base */,
			);
			name = LaunchScreen.storyboard;
			sourceTree = "<group>";
		};
/* End PBXVariantGroup section */

/* Begin XCBuildConfiguration section */
		F5B115FB26F98749004763C1 /* Debug */ = {
			isa = XCBuildConfiguration;
			buildSettings = {
				ALWAYS_SEARCH_USER_PATHS = NO;
				CLANG_ANALYZER_NONNULL = YES;
				CLANG_ANALYZER_NUMBER_OBJECT_CONVERSION = YES_AGGRESSIVE;
				CLANG_CXX_LANGUAGE_STANDARD = "gnu++17";
				CLANG_CXX_LIBRARY = "libc++";
				CLANG_ENABLE_MODULES = YES;
				CLANG_ENABLE_OBJC_ARC = YES;
				CLANG_ENABLE_OBJC_WEAK = YES;
				CLANG_WARN_BLOCK_CAPTURE_AUTORELEASING = YES;
				CLANG_WARN_BOOL_CONVERSION = YES;
				CLANG_WARN_COMMA = YES;
				CLANG_WARN_CONSTANT_CONVERSION = YES;
				CLANG_WARN_DEPRECATED_OBJC_IMPLEMENTATIONS = YES;
				CLANG_WARN_DIRECT_OBJC_ISA_USAGE = YES_ERROR;
				CLANG_WARN_DOCUMENTATION_COMMENTS = YES;
				CLANG_WARN_EMPTY_BODY = YES;
				CLANG_WARN_ENUM_CONVERSION = YES;
				CLANG_WARN_INFINITE_RECURSION = YES;
				CLANG_WARN_INT_CONVERSION = YES;
				CLANG_WARN_NON_LITERAL_NULL_CONVERSION = YES;
				CLANG_WARN_OBJC_IMPLICIT_RETAIN_SELF = YES;
				CLANG_WARN_OBJC_LITERAL_CONVERSION = YES;
				CLANG_WARN_OBJC_ROOT_CLASS = YES_ERROR;
				CLANG_WARN_QUOTED_INCLUDE_IN_FRAMEWORK_HEADER = YES;
				CLANG_WARN_RANGE_LOOP_ANALYSIS = YES;
				CLANG_WARN_STRICT_PROTOTYPES = YES;
				CLANG_WARN_SUSPICIOUS_MOVE = YES;
				CLANG_WARN_UNGUARDED_AVAILABILITY = YES_AGGRESSIVE;
				CLANG_WARN_UNREACHABLE_CODE = YES;
				CLANG_WARN__DUPLICATE_METHOD_MATCH = YES;
				COPY_PHASE_STRIP = NO;
				DEBUG_INFORMATION_FORMAT = dwarf;
				ENABLE_STRICT_OBJC_MSGSEND = YES;
				ENABLE_TESTABILITY = YES;
				GCC_C_LANGUAGE_STANDARD = gnu11;
				GCC_DYNAMIC_NO_PIC = NO;
				GCC_NO_COMMON_BLOCKS = YES;
				GCC_OPTIMIZATION_LEVEL = 0;
				GCC_PREPROCESSOR_DEFINITIONS = (
					"DEBUG=1",
					"$(inherited)",
				);
				GCC_WARN_64_TO_32_BIT_CONVERSION = YES;
				GCC_WARN_ABOUT_RETURN_TYPE = YES_ERROR;
				GCC_WARN_UNDECLARED_SELECTOR = YES;
				GCC_WARN_UNINITIALIZED_AUTOS = YES_AGGRESSIVE;
				GCC_WARN_UNUSED_FUNCTION = YES;
				GCC_WARN_UNUSED_VARIABLE = YES;
				IPHONEOS_DEPLOYMENT_TARGET = 15.0;
				MTL_ENABLE_DEBUG_INFO = INCLUDE_SOURCE;
				MTL_FAST_MATH = YES;
				ONLY_ACTIVE_ARCH = YES;
				SDKROOT = iphoneos;
				SWIFT_ACTIVE_COMPILATION_CONDITIONS = DEBUG;
				SWIFT_OPTIMIZATION_LEVEL = "-Onone";
			};
			name = Debug;
		};
		F5B115FC26F98749004763C1 /* Release */ = {
			isa = XCBuildConfiguration;
			buildSettings = {
				ALWAYS_SEARCH_USER_PATHS = NO;
				CLANG_ANALYZER_NONNULL = YES;
				CLANG_ANALYZER_NUMBER_OBJECT_CONVERSION = YES_AGGRESSIVE;
				CLANG_CXX_LANGUAGE_STANDARD = "gnu++17";
				CLANG_CXX_LIBRARY = "libc++";
				CLANG_ENABLE_MODULES = YES;
				CLANG_ENABLE_OBJC_ARC = YES;
				CLANG_ENABLE_OBJC_WEAK = YES;
				CLANG_WARN_BLOCK_CAPTURE_AUTORELEASING = YES;
				CLANG_WARN_BOOL_CONVERSION = YES;
				CLANG_WARN_COMMA = YES;
				CLANG_WARN_CONSTANT_CONVERSION = YES;
				CLANG_WARN_DEPRECATED_OBJC_IMPLEMENTATIONS = YES;
				CLANG_WARN_DIRECT_OBJC_ISA_USAGE = YES_ERROR;
				CLANG_WARN_DOCUMENTATION_COMMENTS = YES;
				CLANG_WARN_EMPTY_BODY = YES;
				CLANG_WARN_ENUM_CONVERSION = YES;
				CLANG_WARN_INFINITE_RECURSION = YES;
				CLANG_WARN_INT_CONVERSION = YES;
				CLANG_WARN_NON_LITERAL_NULL_CONVERSION = YES;
				CLANG_WARN_OBJC_IMPLICIT_RETAIN_SELF = YES;
				CLANG_WARN_OBJC_LITERAL_CONVERSION = YES;
				CLANG_WARN_OBJC_ROOT_CLASS = YES_ERROR;
				CLANG_WARN_QUOTED_INCLUDE_IN_FRAMEWORK_HEADER = YES;
				CLANG_WARN_RANGE_LOOP_ANALYSIS = YES;
				CLANG_WARN_STRICT_PROTOTYPES = YES;
				CLANG_WARN_SUSPICIOUS_MOVE = YES;
				CLANG_WARN_UNGUARDED_AVAILABILITY = YES_AGGRESSIVE;
				CLANG_WARN_UNREACHABLE_CODE = YES;
				CLANG_WARN__DUPLICATE_METHOD_MATCH = YES;
				COPY_PHASE_STRIP = NO;
				DEBUG_INFORMATION_FORMAT = "dwarf-with-dsym";
				ENABLE_NS_ASSERTIONS = NO;
				ENABLE_STRICT_OBJC_MSGSEND = YES;
				GCC_C_LANGUAGE_STANDARD = gnu11;
				GCC_NO_COMMON_BLOCKS = YES;
				GCC_WARN_64_TO_32_BIT_CONVERSION = YES;
				GCC_WARN_ABOUT_RETURN_TYPE = YES_ERROR;
				GCC_WARN_UNDECLARED_SELECTOR = YES;
				GCC_WARN_UNINITIALIZED_AUTOS = YES_AGGRESSIVE;
				GCC_WARN_UNUSED_FUNCTION = YES;
				GCC_WARN_UNUSED_VARIABLE = YES;
				IPHONEOS_DEPLOYMENT_TARGET = 15.0;
				MTL_ENABLE_DEBUG_INFO = NO;
				MTL_FAST_MATH = YES;
				SDKROOT = iphoneos;
				SWIFT_COMPILATION_MODE = wholemodule;
				SWIFT_OPTIMIZATION_LEVEL = "-O";
				VALIDATE_PRODUCT = YES;
			};
			name = Release;
		};
		F5B115FE26F98749004763C1 /* Debug */ = {
			isa = XCBuildConfiguration;
			buildSettings = {
				ASSETCATALOG_COMPILER_APPICON_NAME = AppIcon;
				ASSETCATALOG_COMPILER_GLOBAL_ACCENT_COLOR_NAME = AccentColor;
				CODE_SIGN_STYLE = Automatic;
				CURRENT_PROJECT_VERSION = 1;
				GENERATE_INFOPLIST_FILE = YES;
				INFOPLIST_FILE = SeniorDesignApp/Info.plist;
				INFOPLIST_KEY_UIApplicationSupportsIndirectInputEvents = YES;
				INFOPLIST_KEY_UILaunchStoryboardName = LaunchScreen;
				INFOPLIST_KEY_UIMainStoryboardFile = Main;
				INFOPLIST_KEY_UISupportedInterfaceOrientations_iPad = "UIInterfaceOrientationPortrait UIInterfaceOrientationPortraitUpsideDown UIInterfaceOrientationLandscapeLeft UIInterfaceOrientationLandscapeRight";
				INFOPLIST_KEY_UISupportedInterfaceOrientations_iPhone = "UIInterfaceOrientationPortrait UIInterfaceOrientationLandscapeLeft UIInterfaceOrientationLandscapeRight";
				LD_RUNPATH_SEARCH_PATHS = (
					"$(inherited)",
					"@executable_path/Frameworks",
				);
				MARKETING_VERSION = 1.0;
				PRODUCT_BUNDLE_IDENTIFIER = CU.SeniorDesignApp;
				PRODUCT_NAME = "$(TARGET_NAME)";
				SWIFT_EMIT_LOC_STRINGS = YES;
				SWIFT_VERSION = 5.0;
				TARGETED_DEVICE_FAMILY = "1,2";
			};
			name = Debug;
		};
		F5B115FF26F98749004763C1 /* Release */ = {
			isa = XCBuildConfiguration;
			buildSettings = {
				ASSETCATALOG_COMPILER_APPICON_NAME = AppIcon;
				ASSETCATALOG_COMPILER_GLOBAL_ACCENT_COLOR_NAME = AccentColor;
				CODE_SIGN_STYLE = Automatic;
				CURRENT_PROJECT_VERSION = 1;
				GENERATE_INFOPLIST_FILE = YES;
				INFOPLIST_FILE = SeniorDesignApp/Info.plist;
				INFOPLIST_KEY_UIApplicationSupportsIndirectInputEvents = YES;
				INFOPLIST_KEY_UILaunchStoryboardName = LaunchScreen;
				INFOPLIST_KEY_UIMainStoryboardFile = Main;
				INFOPLIST_KEY_UISupportedInterfaceOrientations_iPad = "UIInterfaceOrientationPortrait UIInterfaceOrientationPortraitUpsideDown UIInterfaceOrientationLandscapeLeft UIInterfaceOrientationLandscapeRight";
				INFOPLIST_KEY_UISupportedInterfaceOrientations_iPhone = "UIInterfaceOrientationPortrait UIInterfaceOrientationLandscapeLeft UIInterfaceOrientationLandscapeRight";
				LD_RUNPATH_SEARCH_PATHS = (
					"$(inherited)",
					"@executable_path/Frameworks",
				);
				MARKETING_VERSION = 1.0;
				PRODUCT_BUNDLE_IDENTIFIER = CU.SeniorDesignApp;
				PRODUCT_NAME = "$(TARGET_NAME)";
				SWIFT_EMIT_LOC_STRINGS = YES;
				SWIFT_VERSION = 5.0;
				TARGETED_DEVICE_FAMILY = "1,2";
			};
			name = Release;
		};
		F5B1160126F98749004763C1 /* Debug */ = {
			isa = XCBuildConfiguration;
			buildSettings = {
				ALWAYS_EMBED_SWIFT_STANDARD_LIBRARIES = YES;
				BUNDLE_LOADER = "$(TEST_HOST)";
				CODE_SIGN_STYLE = Automatic;
				CURRENT_PROJECT_VERSION = 1;
				GENERATE_INFOPLIST_FILE = YES;
				IPHONEOS_DEPLOYMENT_TARGET = 15.0;
				LD_RUNPATH_SEARCH_PATHS = (
					"$(inherited)",
					"@executable_path/Frameworks",
					"@loader_path/Frameworks",
				);
				MARKETING_VERSION = 1.0;
				PRODUCT_BUNDLE_IDENTIFIER = CU.SeniorDesignAppTests;
				PRODUCT_NAME = "$(TARGET_NAME)";
				SWIFT_EMIT_LOC_STRINGS = NO;
				SWIFT_VERSION = 5.0;
				TARGETED_DEVICE_FAMILY = "1,2";
				TEST_HOST = "$(BUILT_PRODUCTS_DIR)/SeniorDesignApp.app/SeniorDesignApp";
			};
			name = Debug;
		};
		F5B1160226F98749004763C1 /* Release */ = {
			isa = XCBuildConfiguration;
			buildSettings = {
				ALWAYS_EMBED_SWIFT_STANDARD_LIBRARIES = YES;
				BUNDLE_LOADER = "$(TEST_HOST)";
				CODE_SIGN_STYLE = Automatic;
				CURRENT_PROJECT_VERSION = 1;
				GENERATE_INFOPLIST_FILE = YES;
				IPHONEOS_DEPLOYMENT_TARGET = 15.0;
				LD_RUNPATH_SEARCH_PATHS = (
					"$(inherited)",
					"@executable_path/Frameworks",
					"@loader_path/Frameworks",
				);
				MARKETING_VERSION = 1.0;
				PRODUCT_BUNDLE_IDENTIFIER = CU.SeniorDesignAppTests;
				PRODUCT_NAME = "$(TARGET_NAME)";
				SWIFT_EMIT_LOC_STRINGS = NO;
				SWIFT_VERSION = 5.0;
				TARGETED_DEVICE_FAMILY = "1,2";
				TEST_HOST = "$(BUILT_PRODUCTS_DIR)/SeniorDesignApp.app/SeniorDesignApp";
			};
			name = Release;
		};
		F5B1160426F98749004763C1 /* Debug */ = {
			isa = XCBuildConfiguration;
			buildSettings = {
				ALWAYS_EMBED_SWIFT_STANDARD_LIBRARIES = YES;
				CODE_SIGN_STYLE = Automatic;
				CURRENT_PROJECT_VERSION = 1;
				GENERATE_INFOPLIST_FILE = YES;
				LD_RUNPATH_SEARCH_PATHS = (
					"$(inherited)",
					"@executable_path/Frameworks",
					"@loader_path/Frameworks",
				);
				MARKETING_VERSION = 1.0;
				PRODUCT_BUNDLE_IDENTIFIER = CU.SeniorDesignAppUITests;
				PRODUCT_NAME = "$(TARGET_NAME)";
				SWIFT_EMIT_LOC_STRINGS = NO;
				SWIFT_VERSION = 5.0;
				TARGETED_DEVICE_FAMILY = "1,2";
				TEST_TARGET_NAME = SeniorDesignApp;
			};
			name = Debug;
		};
		F5B1160526F98749004763C1 /* Release */ = {
			isa = XCBuildConfiguration;
			buildSettings = {
				ALWAYS_EMBED_SWIFT_STANDARD_LIBRARIES = YES;
				CODE_SIGN_STYLE = Automatic;
				CURRENT_PROJECT_VERSION = 1;
				GENERATE_INFOPLIST_FILE = YES;
				LD_RUNPATH_SEARCH_PATHS = (
					"$(inherited)",
					"@executable_path/Frameworks",
					"@loader_path/Frameworks",
				);
				MARKETING_VERSION = 1.0;
				PRODUCT_BUNDLE_IDENTIFIER = CU.SeniorDesignAppUITests;
				PRODUCT_NAME = "$(TARGET_NAME)";
				SWIFT_EMIT_LOC_STRINGS = NO;
				SWIFT_VERSION = 5.0;
				TARGETED_DEVICE_FAMILY = "1,2";
				TEST_TARGET_NAME = SeniorDesignApp;
			};
			name = Release;
		};
/* End XCBuildConfiguration section */

/* Begin XCConfigurationList section */
		F5B115CE26F98745004763C1 /* Build configuration list for PBXProject "SeniorDesignApp" */ = {
			isa = XCConfigurationList;
			buildConfigurations = (
				F5B115FB26F98749004763C1 /* Debug */,
				F5B115FC26F98749004763C1 /* Release */,
			);
			defaultConfigurationIsVisible = 0;
			defaultConfigurationName = Release;
		};
		F5B115FD26F98749004763C1 /* Build configuration list for PBXNativeTarget "SeniorDesignApp" */ = {
			isa = XCConfigurationList;
			buildConfigurations = (
				F5B115FE26F98749004763C1 /* Debug */,
				F5B115FF26F98749004763C1 /* Release */,
			);
			defaultConfigurationIsVisible = 0;
			defaultConfigurationName = Release;
		};
		F5B1160026F98749004763C1 /* Build configuration list for PBXNativeTarget "SeniorDesignAppTests" */ = {
			isa = XCConfigurationList;
			buildConfigurations = (
				F5B1160126F98749004763C1 /* Debug */,
				F5B1160226F98749004763C1 /* Release */,
			);
			defaultConfigurationIsVisible = 0;
			defaultConfigurationName = Release;
		};
		F5B1160326F98749004763C1 /* Build configuration list for PBXNativeTarget "SeniorDesignAppUITests" */ = {
			isa = XCConfigurationList;
			buildConfigurations = (
				F5B1160426F98749004763C1 /* Debug */,
				F5B1160526F98749004763C1 /* Release */,
			);
			defaultConfigurationIsVisible = 0;
			defaultConfigurationName = Release;
		};
/* End XCConfigurationList section */
	};
	rootObject = F5B115CB26F98745004763C1 /* Project object */;
}
